
Microsoft Visual Studio Solution File, Format Version 12.00
# Visual Studio Version 17
VisualStudioVersion = 17.1.32421.90
MinimumVisualStudioVersion = 10.0.40219.1
Project("{FAE04EC0-301F-11D3-BF4B-00C04F79EFBC}") = "StudentTimeTableInfo", "TimeTable1\StudentTimeTableInfo.csproj", "{F947ACFD-494D-4D3A-ACA5-69F5446B7393}"
EndProject
Global
	GlobalSection(SolutionConfigurationPlatforms) = preSolution
		Debug|Any CPU = Debug|Any CPU
		Release|Any CPU = Release|Any CPU
	EndGlobalSection
	GlobalSection(ProjectConfigurationPlatforms) = postSolution
		{F947ACFD-494D-4D3A-ACA5-69F5446B7393}.Debug|Any CPU.ActiveCfg = Debug|Any CPU
		{F947ACFD-494D-4D3A-ACA5-69F5446B7393}.Debug|Any CPU.Build.0 = Debug|Any CPU
		{F947ACFD-494D-4D3A-ACA5-69F5446B7393}.Release|Any CPU.ActiveCfg = Release|Any CPU
		{F947ACFD-494D-4D3A-ACA5-69F5446B7393}.Release|Any CPU.Build.0 = Release|Any CPU
	EndGlobalSection
	GlobalSection(SolutionProperties) = preSolution
		HideSolutionNode = FALSE
	EndGlobalSection
	GlobalSection(ExtensibilityGlobals) = postSolution
		SolutionGuid = {46A95AFC-FA90-4C52-9094-710E6B5739D9}
	EndGlobalSection
EndGlobal
